PODS:
  - SemiModalViewController (0.3)

DEPENDENCIES:
  - SemiModalViewController (from `./`)

EXTERNAL SOURCES:
  SemiModalViewController:
    :path: "./"

SPEC CHECKSUMS:
  SemiModalViewController: dc17361205906ae46cb45d23543c594b0589a254

PODFILE CHECKSUM: 7a75cd15e7190183aa62892cb568390740ff2e74

COCOAPODS: 1.5.3
