PODS:
  - Reveal-iOS-SDK (1.6.2)
  - SemiModalViewController (0.1)

DEPENDENCIES:
  - Reveal-iOS-SDK
  - SemiModalViewController (from `./`)

EXTERNAL SOURCES:
  SemiModalViewController:
    :path: "./"

SPEC CHECKSUMS:
  Reveal-iOS-SDK: e2250b3c155bcfac53ae223ddc1f76d08f206c33
  SemiModalViewController: 2acddcdf79e95100b2a19ec3217160d58702e642

PODFILE CHECKSUM: e7bddae48f9dc0e3ac4cffbde68d8c83ad4d1220

COCOAPODS: 1.0.1
