PODS:
  - SemiModalViewController (1.0.0)

DEPENDENCIES:
  - SemiModalViewController (from `./`)

EXTERNAL SOURCES:
  SemiModalViewController:
    :path: "./"

SPEC CHECKSUMS:
  SemiModalViewController: 6f046ecf0ff1ceb84fd2a2f53251cfdf72b8dbd6

PODFILE CHECKSUM: 7a75cd15e7190183aa62892cb568390740ff2e74

COCOAPODS: 1.7.3
